// !$*UTF8*$!
{
	archiveVersion = 1;
	classes = {
	};
	objectVersion = 50;
	objects = {

/* Begin PBXBuildFile section */
		7130F5BC26ECFB4C00B7BB4E /* CoreDataModel.xcdatamodeld in Sources */ = {isa = PBXBuildFile; fileRef = 7130F5BA26ECFB4C00B7BB4E /* CoreDataModel.xcdatamodeld */; };
		7130F5BF26ECFC4D00B7BB4E /* SavedJokeData+CoreDataClass.swift in Sources */ = {isa = PBXBuildFile; fileRef = 7130F5BD26ECFC4D00B7BB4E /* SavedJokeData+CoreDataClass.swift */; };
		7130F5C026ECFC4D00B7BB4E /* SavedJokeData+CoreDataProperties.swift in Sources */ = {isa = PBXBuildFile; fileRef = 7130F5BE26ECFC4D00B7BB4E /* SavedJokeData+CoreDataProperties.swift */; };
		7130F5C326ED022C00B7BB4E /* CoreDataCRUDHelper.swift in Sources */ = {isa = PBXBuildFile; fileRef = 7130F5C226ED022C00B7BB4E /* CoreDataCRUDHelper.swift */; };
		7130F5C526ED036800B7BB4E /* FavoriteTabCell.swift in Sources */ = {isa = PBXBuildFile; fileRef = 7130F5C426ED036800B7BB4E /* FavoriteTabCell.swift */; };
		7186CB0526EE26DC00ABDC84 /* HapticFeedback.swift in Sources */ = {isa = PBXBuildFile; fileRef = 7186CB0426EE26DC00ABDC84 /* HapticFeedback.swift */; };
		7186CB0726EE900C00ABDC84 /* NotificationTabController.swift in Sources */ = {isa = PBXBuildFile; fileRef = 7186CB0626EE900C00ABDC84 /* NotificationTabController.swift */; };
		7186CB0926EE919000ABDC84 /* NotificationHelper.swift in Sources */ = {isa = PBXBuildFile; fileRef = 7186CB0826EE919000ABDC84 /* NotificationHelper.swift */; };
		7186CB0B26EE9DB300ABDC84 /* NotificationTabView.swift in Sources */ = {isa = PBXBuildFile; fileRef = 7186CB0A26EE9DB300ABDC84 /* NotificationTabView.swift */; };
		71A94F3026EC15E00062DF83 /* AppDelegate.swift in Sources */ = {isa = PBXBuildFile; fileRef = 71A94F2F26EC15E00062DF83 /* AppDelegate.swift */; };
		71A94F3226EC15E00062DF83 /* SceneDelegate.swift in Sources */ = {isa = PBXBuildFile; fileRef = 71A94F3126EC15E00062DF83 /* SceneDelegate.swift */; };
		71A94F3426EC15E00062DF83 /* MainTabController.swift in Sources */ = {isa = PBXBuildFile; fileRef = 71A94F3326EC15E00062DF83 /* MainTabController.swift */; };
		71A94F3926EC15E20062DF83 /* Assets.xcassets in Resources */ = {isa = PBXBuildFile; fileRef = 71A94F3826EC15E20062DF83 /* Assets.xcassets */; };
		71A94F3C26EC15E20062DF83 /* LaunchScreen.storyboard in Resources */ = {isa = PBXBuildFile; fileRef = 71A94F3A26EC15E20062DF83 /* LaunchScreen.storyboard */; };
		71A94F4B26EC16CA0062DF83 /* Joke.swift in Sources */ = {isa = PBXBuildFile; fileRef = 71A94F4A26EC16CA0062DF83 /* Joke.swift */; };
		71A94F4D26EC175C0062DF83 /* HomeTabController.swift in Sources */ = {isa = PBXBuildFile; fileRef = 71A94F4C26EC175C0062DF83 /* HomeTabController.swift */; };
		71A94F4F26EC176A0062DF83 /* FavoriteTabController.swift in Sources */ = {isa = PBXBuildFile; fileRef = 71A94F4E26EC176A0062DF83 /* FavoriteTabController.swift */; };
		71A94F5126EC17B00062DF83 /* JokeAPI.swift in Sources */ = {isa = PBXBuildFile; fileRef = 71A94F5026EC17B00062DF83 /* JokeAPI.swift */; };
		71A94F5326EC17D10062DF83 /* UIColor.swift in Sources */ = {isa = PBXBuildFile; fileRef = 71A94F5226EC17D10062DF83 /* UIColor.swift */; };
		71A94F5526EC18180062DF83 /* HomeTabView.swift in Sources */ = {isa = PBXBuildFile; fileRef = 71A94F5426EC18180062DF83 /* HomeTabView.swift */; };
/* End PBXBuildFile section */

/* Begin PBXFileReference section */
		7130F5BB26ECFB4C00B7BB4E /* CoreDataModel.xcdatamodel */ = {isa = PBXFileReference; lastKnownFileType = wrapper.xcdatamodel; path = CoreDataModel.xcdatamodel; sourceTree = "<group>"; };
		7130F5BD26ECFC4D00B7BB4E /* SavedJokeData+CoreDataClass.swift */ = {isa = PBXFileReference; lastKnownFileType = sourcecode.swift; path = "SavedJokeData+CoreDataClass.swift"; sourceTree = "<group>"; };
		7130F5BE26ECFC4D00B7BB4E /* SavedJokeData+CoreDataProperties.swift */ = {isa = PBXFileReference; lastKnownFileType = sourcecode.swift; path = "SavedJokeData+CoreDataProperties.swift"; sourceTree = "<group>"; };
		7130F5C226ED022C00B7BB4E /* CoreDataCRUDHelper.swift */ = {isa = PBXFileReference; lastKnownFileType = sourcecode.swift; path = CoreDataCRUDHelper.swift; sourceTree = "<group>"; };
		7130F5C426ED036800B7BB4E /* FavoriteTabCell.swift */ = {isa = PBXFileReference; lastKnownFileType = sourcecode.swift; path = FavoriteTabCell.swift; sourceTree = "<group>"; };
		7186CB0426EE26DC00ABDC84 /* HapticFeedback.swift */ = {isa = PBXFileReference; lastKnownFileType = sourcecode.swift; path = HapticFeedback.swift; sourceTree = "<group>"; };
		7186CB0626EE900C00ABDC84 /* NotificationTabController.swift */ = {isa = PBXFileReference; lastKnownFileType = sourcecode.swift; path = NotificationTabController.swift; sourceTree = "<group>"; };
		7186CB0826EE919000ABDC84 /* NotificationHelper.swift */ = {isa = PBXFileReference; lastKnownFileType = sourcecode.swift; path = NotificationHelper.swift; sourceTree = "<group>"; };
		7186CB0A26EE9DB300ABDC84 /* NotificationTabView.swift */ = {isa = PBXFileReference; lastKnownFileType = sourcecode.swift; path = NotificationTabView.swift; sourceTree = "<group>"; };
		71A94F2C26EC15E00062DF83 /* FunnyDadJokes.app */ = {isa = PBXFileReference; explicitFileType = wrapper.application; includeInIndex = 0; path = FunnyDadJokes.app; sourceTree = BUILT_PRODUCTS_DIR; };
		71A94F2F26EC15E00062DF83 /* AppDelegate.swift */ = {isa = PBXFileReference; lastKnownFileType = sourcecode.swift; path = AppDelegate.swift; sourceTree = "<group>"; };
		71A94F3126EC15E00062DF83 /* SceneDelegate.swift */ = {isa = PBXFileReference; lastKnownFileType = sourcecode.swift; path = SceneDelegate.swift; sourceTree = "<group>"; };
		71A94F3326EC15E00062DF83 /* MainTabController.swift */ = {isa = PBXFileReference; lastKnownFileType = sourcecode.swift; path = MainTabController.swift; sourceTree = "<group>"; };
		71A94F3826EC15E20062DF83 /* Assets.xcassets */ = {isa = PBXFileReference; lastKnownFileType = folder.assetcatalog; path = Assets.xcassets; sourceTree = "<group>"; };
		71A94F3B26EC15E20062DF83 /* Base */ = {isa = PBXFileReference; lastKnownFileType = file.storyboard; name = Base; path = Base.lproj/LaunchScreen.storyboard; sourceTree = "<group>"; };
		71A94F3D26EC15E20062DF83 /* Info.plist */ = {isa = PBXFileReference; lastKnownFileType = text.plist.xml; path = Info.plist; sourceTree = "<group>"; };
		71A94F4A26EC16CA0062DF83 /* Joke.swift */ = {isa = PBXFileReference; lastKnownFileType = sourcecode.swift; path = Joke.swift; sourceTree = "<group>"; };
		71A94F4C26EC175C0062DF83 /* HomeTabController.swift */ = {isa = PBXFileReference; lastKnownFileType = sourcecode.swift; path = HomeTabController.swift; sourceTree = "<group>"; };
		71A94F4E26EC176A0062DF83 /* FavoriteTabController.swift */ = {isa = PBXFileReference; lastKnownFileType = sourcecode.swift; path = FavoriteTabController.swift; sourceTree = "<group>"; };
		71A94F5026EC17B00062DF83 /* JokeAPI.swift */ = {isa = PBXFileReference; lastKnownFileType = sourcecode.swift; path = JokeAPI.swift; sourceTree = "<group>"; };
		71A94F5226EC17D10062DF83 /* UIColor.swift */ = {isa = PBXFileReference; lastKnownFileType = sourcecode.swift; path = UIColor.swift; sourceTree = "<group>"; };
		71A94F5426EC18180062DF83 /* HomeTabView.swift */ = {isa = PBXFileReference; lastKnownFileType = sourcecode.swift; path = HomeTabView.swift; sourceTree = "<group>"; };
/* End PBXFileReference section */

/* Begin PBXFrameworksBuildPhase section */
		71A94F2926EC15E00062DF83 /* Frameworks */ = {
			isa = PBXFrameworksBuildPhase;
			buildActionMask = 2147483647;
			files = (
			);
			runOnlyForDeploymentPostprocessing = 0;
		};
/* End PBXFrameworksBuildPhase section */

/* Begin PBXGroup section */
		7130F5C126ECFC5F00B7BB4E /* SavedJokeCoreData */ = {
			isa = PBXGroup;
			children = (
				7130F5BD26ECFC4D00B7BB4E /* SavedJokeData+CoreDataClass.swift */,
				7130F5BE26ECFC4D00B7BB4E /* SavedJokeData+CoreDataProperties.swift */,
				7130F5BA26ECFB4C00B7BB4E /* CoreDataModel.xcdatamodeld */,
			);
			path = SavedJokeCoreData;
			sourceTree = "<group>";
		};
		71A94F2326EC15DF0062DF83 = {
			isa = PBXGroup;
			children = (
				71A94F2E26EC15E00062DF83 /* FunnyDadJokes */,
				71A94F2D26EC15E00062DF83 /* Products */,
			);
			sourceTree = "<group>";
		};
		71A94F2D26EC15E00062DF83 /* Products */ = {
			isa = PBXGroup;
			children = (
				71A94F2C26EC15E00062DF83 /* FunnyDadJokes.app */,
			);
			name = Products;
			sourceTree = "<group>";
		};
		71A94F2E26EC15E00062DF83 /* FunnyDadJokes */ = {
			isa = PBXGroup;
			children = (
				71A94F4326EC16070062DF83 /* Models */,
				7130F5C126ECFC5F00B7BB4E /* SavedJokeCoreData */,
				71A94F4426EC16230062DF83 /* Views */,
				71A94F4526EC16260062DF83 /* Controllers */,
				71A94F4726EC16310062DF83 /* API */,
				71A94F4826EC16350062DF83 /* Extensions */,
				71A94F4626EC162C0062DF83 /* Utils */,
				71A94F4926EC16390062DF83 /* Resources */,
				71A94F3D26EC15E20062DF83 /* Info.plist */,
			);
			path = FunnyDadJokes;
			sourceTree = "<group>";
		};
		71A94F4326EC16070062DF83 /* Models */ = {
			isa = PBXGroup;
			children = (
				71A94F4A26EC16CA0062DF83 /* Joke.swift */,
			);
			path = Models;
			sourceTree = "<group>";
		};
		71A94F4426EC16230062DF83 /* Views */ = {
			isa = PBXGroup;
			children = (
				71A94F5426EC18180062DF83 /* HomeTabView.swift */,
				7130F5C426ED036800B7BB4E /* FavoriteTabCell.swift */,
				7186CB0A26EE9DB300ABDC84 /* NotificationTabView.swift */,
			);
			path = Views;
			sourceTree = "<group>";
		};
		71A94F4526EC16260062DF83 /* Controllers */ = {
			isa = PBXGroup;
			children = (
				71A94F3326EC15E00062DF83 /* MainTabController.swift */,
				71A94F4C26EC175C0062DF83 /* HomeTabController.swift */,
				71A94F4E26EC176A0062DF83 /* FavoriteTabController.swift */,
				7186CB0626EE900C00ABDC84 /* NotificationTabController.swift */,
			);
			path = Controllers;
			sourceTree = "<group>";
		};
		71A94F4626EC162C0062DF83 /* Utils */ = {
			isa = PBXGroup;
			children = (
				7130F5C226ED022C00B7BB4E /* CoreDataCRUDHelper.swift */,
				7186CB0426EE26DC00ABDC84 /* HapticFeedback.swift */,
				7186CB0826EE919000ABDC84 /* NotificationHelper.swift */,
			);
			path = Utils;
			sourceTree = "<group>";
		};
		71A94F4726EC16310062DF83 /* API */ = {
			isa = PBXGroup;
			children = (
				71A94F5026EC17B00062DF83 /* JokeAPI.swift */,
			);
			path = API;
			sourceTree = "<group>";
		};
		71A94F4826EC16350062DF83 /* Extensions */ = {
			isa = PBXGroup;
			children = (
				71A94F5226EC17D10062DF83 /* UIColor.swift */,
			);
			path = Extensions;
			sourceTree = "<group>";
		};
		71A94F4926EC16390062DF83 /* Resources */ = {
			isa = PBXGroup;
			children = (
				71A94F2F26EC15E00062DF83 /* AppDelegate.swift */,
				71A94F3126EC15E00062DF83 /* SceneDelegate.swift */,
				71A94F3826EC15E20062DF83 /* Assets.xcassets */,
				71A94F3A26EC15E20062DF83 /* LaunchScreen.storyboard */,
			);
			path = Resources;
			sourceTree = "<group>";
		};
/* End PBXGroup section */

/* Begin PBXNativeTarget section */
		71A94F2B26EC15E00062DF83 /* FunnyDadJokes */ = {
			isa = PBXNativeTarget;
			buildConfigurationList = 71A94F4026EC15E20062DF83 /* Build configuration list for PBXNativeTarget "FunnyDadJokes" */;
			buildPhases = (
				71A94F2826EC15E00062DF83 /* Sources */,
				71A94F2926EC15E00062DF83 /* Frameworks */,
				71A94F2A26EC15E00062DF83 /* Resources */,
			);
			buildRules = (
			);
			dependencies = (
			);
			name = FunnyDadJokes;
			productName = FunnyDadJokes;
			productReference = 71A94F2C26EC15E00062DF83 /* FunnyDadJokes.app */;
			productType = "com.apple.product-type.application";
		};
/* End PBXNativeTarget section */

/* Begin PBXProject section */
		71A94F2426EC15DF0062DF83 /* Project object */ = {
			isa = PBXProject;
			attributes = {
				LastSwiftUpdateCheck = 1250;
				LastUpgradeCheck = 1250;
				TargetAttributes = {
					71A94F2B26EC15E00062DF83 = {
						CreatedOnToolsVersion = 12.5.1;
					};
				};
			};
			buildConfigurationList = 71A94F2726EC15DF0062DF83 /* Build configuration list for PBXProject "FunnyDadJokes" */;
			compatibilityVersion = "Xcode 9.3";
			developmentRegion = en;
			hasScannedForEncodings = 0;
			knownRegions = (
				en,
				Base,
			);
			mainGroup = 71A94F2326EC15DF0062DF83;
			productRefGroup = 71A94F2D26EC15E00062DF83 /* Products */;
			projectDirPath = "";
			projectRoot = "";
			targets = (
				71A94F2B26EC15E00062DF83 /* FunnyDadJokes */,
			);
		};
/* End PBXProject section */

/* Begin PBXResourcesBuildPhase section */
		71A94F2A26EC15E00062DF83 /* Resources */ = {
			isa = PBXResourcesBuildPhase;
			buildActionMask = 2147483647;
			files = (
				71A94F3C26EC15E20062DF83 /* LaunchScreen.storyboard in Resources */,
				71A94F3926EC15E20062DF83 /* Assets.xcassets in Resources */,
			);
			runOnlyForDeploymentPostprocessing = 0;
		};
/* End PBXResourcesBuildPhase section */

/* Begin PBXSourcesBuildPhase section */
		71A94F2826EC15E00062DF83 /* Sources */ = {
			isa = PBXSourcesBuildPhase;
			buildActionMask = 2147483647;
			files = (
				71A94F3426EC15E00062DF83 /* MainTabController.swift in Sources */,
				7186CB0B26EE9DB300ABDC84 /* NotificationTabView.swift in Sources */,
				7186CB0926EE919000ABDC84 /* NotificationHelper.swift in Sources */,
				71A94F3026EC15E00062DF83 /* AppDelegate.swift in Sources */,
				7186CB0526EE26DC00ABDC84 /* HapticFeedback.swift in Sources */,
				71A94F4B26EC16CA0062DF83 /* Joke.swift in Sources */,
				71A94F5526EC18180062DF83 /* HomeTabView.swift in Sources */,
				7130F5C326ED022C00B7BB4E /* CoreDataCRUDHelper.swift in Sources */,
				7130F5BC26ECFB4C00B7BB4E /* CoreDataModel.xcdatamodeld in Sources */,
				71A94F5126EC17B00062DF83 /* JokeAPI.swift in Sources */,
				7130F5BF26ECFC4D00B7BB4E /* SavedJokeData+CoreDataClass.swift in Sources */,
				71A94F4F26EC176A0062DF83 /* FavoriteTabController.swift in Sources */,
				71A94F5326EC17D10062DF83 /* UIColor.swift in Sources */,
				71A94F3226EC15E00062DF83 /* SceneDelegate.swift in Sources */,
				7186CB0726EE900C00ABDC84 /* NotificationTabController.swift in Sources */,
				7130F5C026ECFC4D00B7BB4E /* SavedJokeData+CoreDataProperties.swift in Sources */,
				71A94F4D26EC175C0062DF83 /* HomeTabController.swift in Sources */,
				7130F5C526ED036800B7BB4E /* FavoriteTabCell.swift in Sources */,
			);
			runOnlyForDeploymentPostprocessing = 0;
		};
/* End PBXSourcesBuildPhase section */

/* Begin PBXVariantGroup section */
		71A94F3A26EC15E20062DF83 /* LaunchScreen.storyboard */ = {
			isa = PBXVariantGroup;
			children = (
				71A94F3B26EC15E20062DF83 /* Base */,
			);
			name = LaunchScreen.storyboard;
			sourceTree = "<group>";
		};
/* End PBXVariantGroup section */

/* Begin XCBuildConfiguration section */
		71A94F3E26EC15E20062DF83 /* Debug */ = {
			isa = XCBuildConfiguration;
			buildSettings = {
				ALWAYS_SEARCH_USER_PATHS = NO;
				CLANG_ANALYZER_NONNULL = YES;
				CLANG_ANALYZER_NUMBER_OBJECT_CONVERSION = YES_AGGRESSIVE;
				CLANG_CXX_LANGUAGE_STANDARD = "gnu++14";
				CLANG_CXX_LIBRARY = "libc++";
				CLANG_ENABLE_MODULES = YES;
				CLANG_ENABLE_OBJC_ARC = YES;
				CLANG_ENABLE_OBJC_WEAK = YES;
				CLANG_WARN_BLOCK_CAPTURE_AUTORELEASING = YES;
				CLANG_WARN_BOOL_CONVERSION = YES;
				CLANG_WARN_COMMA = YES;
				CLANG_WARN_CONSTANT_CONVERSION = YES;
				CLANG_WARN_DEPRECATED_OBJC_IMPLEMENTATIONS = YES;
				CLANG_WARN_DIRECT_OBJC_ISA_USAGE = YES_ERROR;
				CLANG_WARN_DOCUMENTATION_COMMENTS = YES;
				CLANG_WARN_EMPTY_BODY = YES;
				CLANG_WARN_ENUM_CONVERSION = YES;
				CLANG_WARN_INFINITE_RECURSION = YES;
				CLANG_WARN_INT_CONVERSION = YES;
				CLANG_WARN_NON_LITERAL_NULL_CONVERSION = YES;
				CLANG_WARN_OBJC_IMPLICIT_RETAIN_SELF = YES;
				CLANG_WARN_OBJC_LITERAL_CONVERSION = YES;
				CLANG_WARN_OBJC_ROOT_CLASS = YES_ERROR;
				CLANG_WARN_QUOTED_INCLUDE_IN_FRAMEWORK_HEADER = YES;
				CLANG_WARN_RANGE_LOOP_ANALYSIS = YES;
				CLANG_WARN_STRICT_PROTOTYPES = YES;
				CLANG_WARN_SUSPICIOUS_MOVE = YES;
				CLANG_WARN_UNGUARDED_AVAILABILITY = YES_AGGRESSIVE;
				CLANG_WARN_UNREACHABLE_CODE = YES;
				CLANG_WARN__DUPLICATE_METHOD_MATCH = YES;
				COPY_PHASE_STRIP = NO;
				DEBUG_INFORMATION_FORMAT = dwarf;
				ENABLE_STRICT_OBJC_MSGSEND = YES;
				ENABLE_TESTABILITY = YES;
				GCC_C_LANGUAGE_STANDARD = gnu11;
				GCC_DYNAMIC_NO_PIC = NO;
				GCC_NO_COMMON_BLOCKS = YES;
				GCC_OPTIMIZATION_LEVEL = 0;
				GCC_PREPROCESSOR_DEFINITIONS = (
					"DEBUG=1",
					"$(inherited)",
				);
				GCC_WARN_64_TO_32_BIT_CONVERSION = YES;
				GCC_WARN_ABOUT_RETURN_TYPE = YES_ERROR;
				GCC_WARN_UNDECLARED_SELECTOR = YES;
				GCC_WARN_UNINITIALIZED_AUTOS = YES_AGGRESSIVE;
				GCC_WARN_UNUSED_FUNCTION = YES;
				GCC_WARN_UNUSED_VARIABLE = YES;
				IPHONEOS_DEPLOYMENT_TARGET = 14.5;
				MTL_ENABLE_DEBUG_INFO = INCLUDE_SOURCE;
				MTL_FAST_MATH = YES;
				ONLY_ACTIVE_ARCH = YES;
				SDKROOT = iphoneos;
				SWIFT_ACTIVE_COMPILATION_CONDITIONS = DEBUG;
				SWIFT_OPTIMIZATION_LEVEL = "-Onone";
			};
			name = Debug;
		};
		71A94F3F26EC15E20062DF83 /* Release */ = {
			isa = XCBuildConfiguration;
			buildSettings = {
				ALWAYS_SEARCH_USER_PATHS = NO;
				CLANG_ANALYZER_NONNULL = YES;
				CLANG_ANALYZER_NUMBER_OBJECT_CONVERSION = YES_AGGRESSIVE;
				CLANG_CXX_LANGUAGE_STANDARD = "gnu++14";
				CLANG_CXX_LIBRARY = "libc++";
				CLANG_ENABLE_MODULES = YES;
				CLANG_ENABLE_OBJC_ARC = YES;
				CLANG_ENABLE_OBJC_WEAK = YES;
				CLANG_WARN_BLOCK_CAPTURE_AUTORELEASING = YES;
				CLANG_WARN_BOOL_CONVERSION = YES;
				CLANG_WARN_COMMA = YES;
				CLANG_WARN_CONSTANT_CONVERSION = YES;
				CLANG_WARN_DEPRECATED_OBJC_IMPLEMENTATIONS = YES;
				CLANG_WARN_DIRECT_OBJC_ISA_USAGE = YES_ERROR;
				CLANG_WARN_DOCUMENTATION_COMMENTS = YES;
				CLANG_WARN_EMPTY_BODY = YES;
				CLANG_WARN_ENUM_CONVERSION = YES;
				CLANG_WARN_INFINITE_RECURSION = YES;
				CLANG_WARN_INT_CONVERSION = YES;
				CLANG_WARN_NON_LITERAL_NULL_CONVERSION = YES;
				CLANG_WARN_OBJC_IMPLICIT_RETAIN_SELF = YES;
				CLANG_WARN_OBJC_LITERAL_CONVERSION = YES;
				CLANG_WARN_OBJC_ROOT_CLASS = YES_ERROR;
				CLANG_WARN_QUOTED_INCLUDE_IN_FRAMEWORK_HEADER = YES;
				CLANG_WARN_RANGE_LOOP_ANALYSIS = YES;
				CLANG_WARN_STRICT_PROTOTYPES = YES;
				CLANG_WARN_SUSPICIOUS_MOVE = YES;
				CLANG_WARN_UNGUARDED_AVAILABILITY = YES_AGGRESSIVE;
				CLANG_WARN_UNREACHABLE_CODE = YES;
				CLANG_WARN__DUPLICATE_METHOD_MATCH = YES;
				COPY_PHASE_STRIP = NO;
				DEBUG_INFORMATION_FORMAT = "dwarf-with-dsym";
				ENABLE_NS_ASSERTIONS = NO;
				ENABLE_STRICT_OBJC_MSGSEND = YES;
				GCC_C_LANGUAGE_STANDARD = gnu11;
				GCC_NO_COMMON_BLOCKS = YES;
				GCC_WARN_64_TO_32_BIT_CONVERSION = YES;
				GCC_WARN_ABOUT_RETURN_TYPE = YES_ERROR;
				GCC_WARN_UNDECLARED_SELECTOR = YES;
				GCC_WARN_UNINITIALIZED_AUTOS = YES_AGGRESSIVE;
				GCC_WARN_UNUSED_FUNCTION = YES;
				GCC_WARN_UNUSED_VARIABLE = YES;
				IPHONEOS_DEPLOYMENT_TARGET = 14.5;
				MTL_ENABLE_DEBUG_INFO = NO;
				MTL_FAST_MATH = YES;
				SDKROOT = iphoneos;
				SWIFT_COMPILATION_MODE = wholemodule;
				SWIFT_OPTIMIZATION_LEVEL = "-O";
				VALIDATE_PRODUCT = YES;
			};
			name = Release;
		};
		71A94F4126EC15E20062DF83 /* Debug */ = {
			isa = XCBuildConfiguration;
			buildSettings = {
				ASSETCATALOG_COMPILER_APPICON_NAME = AppIcon;
				ASSETCATALOG_COMPILER_GLOBAL_ACCENT_COLOR_NAME = AccentColor;
				CODE_SIGN_IDENTITY = "Apple Development";
				CODE_SIGN_STYLE = Automatic;
				CURRENT_PROJECT_VERSION = 1;
				DEVELOPMENT_TEAM = S8NCK46NU5;
				INFOPLIST_FILE = FunnyDadJokes/Info.plist;
				IPHONEOS_DEPLOYMENT_TARGET = 13.0;
				LD_RUNPATH_SEARCH_PATHS = (
					"$(inherited)",
					"@executable_path/Frameworks",
				);
				MARKETING_VERSION = 1.1;
				PRODUCT_BUNDLE_IDENTIFIER = com.heangdev.DadJokesPro;
				PRODUCT_NAME = "$(TARGET_NAME)";
				PROVISIONING_PROFILE_SPECIFIER = "";
				SWIFT_VERSION = 5.0;
				TARGETED_DEVICE_FAMILY = 1;
			};
			name = Debug;
		};
		71A94F4226EC15E20062DF83 /* Release */ = {
			isa = XCBuildConfiguration;
			buildSettings = {
				ASSETCATALOG_COMPILER_APPICON_NAME = AppIcon;
				ASSETCATALOG_COMPILER_GLOBAL_ACCENT_COLOR_NAME = AccentColor;
				CODE_SIGN_IDENTITY = "Apple Development";
				CODE_SIGN_STYLE = Automatic;
				CURRENT_PROJECT_VERSION = 1;
				DEVELOPMENT_TEAM = S8NCK46NU5;
				INFOPLIST_FILE = FunnyDadJokes/Info.plist;
				IPHONEOS_DEPLOYMENT_TARGET = 13.0;
				LD_RUNPATH_SEARCH_PATHS = (
					"$(inherited)",
					"@executable_path/Frameworks",
				);
				MARKETING_VERSION = 1.1;
				PRODUCT_BUNDLE_IDENTIFIER = com.heangdev.DadJokesPro;
				PRODUCT_NAME = "$(TARGET_NAME)";
				PROVISIONING_PROFILE_SPECIFIER = "";
				SWIFT_VERSION = 5.0;
				TARGETED_DEVICE_FAMILY = 1;
			};
			name = Release;
		};
/* End XCBuildConfiguration section */

/* Begin XCConfigurationList section */
		71A94F2726EC15DF0062DF83 /* Build configuration list for PBXProject "FunnyDadJokes" */ = {
			isa = XCConfigurationList;
			buildConfigurations = (
				71A94F3E26EC15E20062DF83 /* Debug */,
				71A94F3F26EC15E20062DF83 /* Release */,
			);
			defaultConfigurationIsVisible = 0;
			defaultConfigurationName = Release;
		};
		71A94F4026EC15E20062DF83 /* Build configuration list for PBXNativeTarget "FunnyDadJokes" */ = {
			isa = XCConfigurationList;
			buildConfigurations = (
				71A94F4126EC15E20062DF83 /* Debug */,
				71A94F4226EC15E20062DF83 /* Release */,
			);
			defaultConfigurationIsVisible = 0;
			defaultConfigurationName = Release;
		};
/* End XCConfigurationList section */

/* Begin XCVersionGroup section */
		7130F5BA26ECFB4C00B7BB4E /* CoreDataModel.xcdatamodeld */ = {
			isa = XCVersionGroup;
			children = (
				7130F5BB26ECFB4C00B7BB4E /* CoreDataModel.xcdatamodel */,
			);
			currentVersion = 7130F5BB26ECFB4C00B7BB4E /* CoreDataModel.xcdatamodel */;
			path = CoreDataModel.xcdatamodeld;
			sourceTree = "<group>";
			versionGroupType = wrapper.xcdatamodel;
		};
/* End XCVersionGroup section */
	};
	rootObject = 71A94F2426EC15DF0062DF83 /* Project object */;
}
